
Microsoft Visual Studio Solution File, Format Version 11.00
# Visual Studio 2010
Project("{FAE04EC0-301F-11D3-BF4B-00C04F79EFBC}") = "BusinessLayer", "Business Layer\BusinessLayer.csproj", "{46BB85BB-4217-4225-AA10-5FCB4337C27E}"
EndProject
Project("{FAE04EC0-301F-11D3-BF4B-00C04F79EFBC}") = "DataAccessLayer", "DataAccessLayer\DataAccessLayer.csproj", "{A3C33E63-B105-4684-8281-00660E9BFD63}"
EndProject
Project("{FAE04EC0-301F-11D3-BF4B-00C04F79EFBC}") = "PresentationLayer", "PresentationLayer\PresentationLayer.csproj", "{7DEF4A77-1B1C-4155-85B1-DB25FD6D3E75}"
EndProject
Global
	GlobalSection(SolutionConfigurationPlatforms) = preSolution
		Debug|Any CPU = Debug|Any CPU
		Debug|Mixed Platforms = Debug|Mixed Platforms
		Debug|x86 = Debug|x86
		Release|Any CPU = Release|Any CPU
		Release|Mixed Platforms = Release|Mixed Platforms
		Release|x86 = Release|x86
	EndGlobalSection
	GlobalSection(ProjectConfigurationPlatforms) = postSolution
		{46BB85BB-4217-4225-AA10-5FCB4337C27E}.Debug|Any CPU.ActiveCfg = Debug|Any CPU
		{46BB85BB-4217-4225-AA10-5FCB4337C27E}.Debug|Any CPU.Build.0 = Debug|Any CPU
		{46BB85BB-4217-4225-AA10-5FCB4337C27E}.Debug|Mixed Platforms.ActiveCfg = Debug|Any CPU
		{46BB85BB-4217-4225-AA10-5FCB4337C27E}.Debug|Mixed Platforms.Build.0 = Debug|Any CPU
		{46BB85BB-4217-4225-AA10-5FCB4337C27E}.Debug|x86.ActiveCfg = Debug|Any CPU
		{46BB85BB-4217-4225-AA10-5FCB4337C27E}.Release|Any CPU.ActiveCfg = Release|Any CPU
		{46BB85BB-4217-4225-AA10-5FCB4337C27E}.Release|Any CPU.Build.0 = Release|Any CPU
		{46BB85BB-4217-4225-AA10-5FCB4337C27E}.Release|Mixed Platforms.ActiveCfg = Release|Any CPU
		{46BB85BB-4217-4225-AA10-5FCB4337C27E}.Release|Mixed Platforms.Build.0 = Release|Any CPU
		{46BB85BB-4217-4225-AA10-5FCB4337C27E}.Release|x86.ActiveCfg = Release|Any CPU
		{A3C33E63-B105-4684-8281-00660E9BFD63}.Debug|Any CPU.ActiveCfg = Debug|Any CPU
		{A3C33E63-B105-4684-8281-00660E9BFD63}.Debug|Any CPU.Build.0 = Debug|Any CPU
		{A3C33E63-B105-4684-8281-00660E9BFD63}.Debug|Mixed Platforms.ActiveCfg = Debug|Any CPU
		{A3C33E63-B105-4684-8281-00660E9BFD63}.Debug|Mixed Platforms.Build.0 = Debug|Any CPU
		{A3C33E63-B105-4684-8281-00660E9BFD63}.Debug|x86.ActiveCfg = Debug|Any CPU
		{A3C33E63-B105-4684-8281-00660E9BFD63}.Release|Any CPU.ActiveCfg = Release|Any CPU
		{A3C33E63-B105-4684-8281-00660E9BFD63}.Release|Any CPU.Build.0 = Release|Any CPU
		{A3C33E63-B105-4684-8281-00660E9BFD63}.Release|Mixed Platforms.ActiveCfg = Release|Any CPU
		{A3C33E63-B105-4684-8281-00660E9BFD63}.Release|Mixed Platforms.Build.0 = Release|Any CPU
		{A3C33E63-B105-4684-8281-00660E9BFD63}.Release|x86.ActiveCfg = Release|Any CPU
		{7DEF4A77-1B1C-4155-85B1-DB25FD6D3E75}.Debug|Any CPU.ActiveCfg = Debug|Any CPU
		{7DEF4A77-1B1C-4155-85B1-DB25FD6D3E75}.Debug|Any CPU.Build.0 = Debug|Any CPU
		{7DEF4A77-1B1C-4155-85B1-DB25FD6D3E75}.Debug|Mixed Platforms.ActiveCfg = Debug|Any CPU
		{7DEF4A77-1B1C-4155-85B1-DB25FD6D3E75}.Debug|Mixed Platforms.Build.0 = Debug|Any CPU
		{7DEF4A77-1B1C-4155-85B1-DB25FD6D3E75}.Debug|x86.ActiveCfg = Debug|Any CPU
		{7DEF4A77-1B1C-4155-85B1-DB25FD6D3E75}.Release|Any CPU.ActiveCfg = Release|Any CPU
		{7DEF4A77-1B1C-4155-85B1-DB25FD6D3E75}.Release|Any CPU.Build.0 = Release|Any CPU
		{7DEF4A77-1B1C-4155-85B1-DB25FD6D3E75}.Release|Mixed Platforms.ActiveCfg = Release|Any CPU
		{7DEF4A77-1B1C-4155-85B1-DB25FD6D3E75}.Release|Mixed Platforms.Build.0 = Release|Any CPU
		{7DEF4A77-1B1C-4155-85B1-DB25FD6D3E75}.Release|x86.ActiveCfg = Release|Any CPU
	EndGlobalSection
	GlobalSection(SolutionProperties) = preSolution
		HideSolutionNode = FALSE
	EndGlobalSection
EndGlobal
